// !$*UTF8*$!
{
	archiveVersion = 1;
	classes = {
	};
	objectVersion = 51;
	objects = {

/* Begin PBXBuildFile section */
		58EFF495AE27A3DCD4263CBC /* Pods_YeetTests.framework in Frameworks */ = {isa = PBXBuildFile; fileRef = 27741C3CD52C1ECFFD06B43A /* Pods_YeetTests.framework */; };
		6A3C63AF65BEE81BBD80F585 /* Pods_Yeet.framework in Frameworks */ = {isa = PBXBuildFile; fileRef = 3B49D03898C3DCFCAD399008 /* Pods_Yeet.framework */; };
		8D20DC9524BE049E00B3977D /* AppDelegate.m in Sources */ = {isa = PBXBuildFile; fileRef = 8D20DC9424BE049E00B3977D /* AppDelegate.m */; };
		8D20DC9824BE049E00B3977D /* SceneDelegate.m in Sources */ = {isa = PBXBuildFile; fileRef = 8D20DC9724BE049E00B3977D /* SceneDelegate.m */; };
		8D20DC9E24BE049E00B3977D /* Main.storyboard in Resources */ = {isa = PBXBuildFile; fileRef = 8D20DC9C24BE049E00B3977D /* Main.storyboard */; };
		8D20DCA024BE049E00B3977D /* Assets.xcassets in Resources */ = {isa = PBXBuildFile; fileRef = 8D20DC9F24BE049E00B3977D /* Assets.xcassets */; };
		8D20DCA324BE049E00B3977D /* LaunchScreen.storyboard in Resources */ = {isa = PBXBuildFile; fileRef = 8D20DCA124BE049E00B3977D /* LaunchScreen.storyboard */; };
		8D20DCA624BE049E00B3977D /* main.m in Sources */ = {isa = PBXBuildFile; fileRef = 8D20DCA524BE049E00B3977D /* main.m */; };
		8D20DCB024BE049E00B3977D /* YeetTests.m in Sources */ = {isa = PBXBuildFile; fileRef = 8D20DCAF24BE049E00B3977D /* YeetTests.m */; };
		8D20DCBB24BE049E00B3977D /* YeetUITests.m in Sources */ = {isa = PBXBuildFile; fileRef = 8D20DCBA24BE049E00B3977D /* YeetUITests.m */; };
		8D20DCCB24BE13EA00B3977D /* LoginViewController.m in Sources */ = {isa = PBXBuildFile; fileRef = 8D20DCCA24BE13EA00B3977D /* LoginViewController.m */; };
		8D20DCCE24BE446A00B3977D /* SignUpViewController.m in Sources */ = {isa = PBXBuildFile; fileRef = 8D20DCCD24BE446A00B3977D /* SignUpViewController.m */; };
		8D20DCD124BE52E500B3977D /* ProfileViewController.m in Sources */ = {isa = PBXBuildFile; fileRef = 8D20DCD024BE52E500B3977D /* ProfileViewController.m */; };
		8D20DCD424BE69B500B3977D /* TimelineViewController.m in Sources */ = {isa = PBXBuildFile; fileRef = 8D20DCD324BE69B500B3977D /* TimelineViewController.m */; };
		8D20DCDA24BF57C100B3977D /* Post.m in Sources */ = {isa = PBXBuildFile; fileRef = 8D20DCD924BF57C100B3977D /* Post.m */; };
		8D20DCDD24BF581E00B3977D /* PostCell.m in Sources */ = {isa = PBXBuildFile; fileRef = 8D20DCDC24BF581E00B3977D /* PostCell.m */; };
		8D20DCE324BF8EE800B3977D /* SongViewController.m in Sources */ = {isa = PBXBuildFile; fileRef = 8D20DCE224BF8EE800B3977D /* SongViewController.m */; };
		8D20DCE624BF9A4300B3977D /* SongCell.m in Sources */ = {isa = PBXBuildFile; fileRef = 8D20DCE524BF9A4300B3977D /* SongCell.m */; };
		8D20DCE824BFA22100B3977D /* SpotifyiOS.framework in Frameworks */ = {isa = PBXBuildFile; fileRef = 8D20DCE724BFA22100B3977D /* SpotifyiOS.framework */; };
		8D43D67124DA036B0095484B /* ApplicationScheme.m in Sources */ = {isa = PBXBuildFile; fileRef = 8D43D66F24DA036B0095484B /* ApplicationScheme.m */; };
		8D43D67424DA16A20095484B /* Utils.m in Sources */ = {isa = PBXBuildFile; fileRef = 8D43D67324DA16A20095484B /* Utils.m */; };
		8D5634F924C0C846004A6283 /* DetailsViewController.m in Sources */ = {isa = PBXBuildFile; fileRef = 8D5634F824C0C846004A6283 /* DetailsViewController.m */; };
		8D5E047D24CA049900EAE9F8 /* Song.m in Sources */ = {isa = PBXBuildFile; fileRef = 8D5E047C24CA049900EAE9F8 /* Song.m */; };
		8D71BEDC24C8E29100093B72 /* APIManager.m in Sources */ = {isa = PBXBuildFile; fileRef = 8D71BEDB24C8E29100093B72 /* APIManager.m */; };
		8DFDB38224CF719700FEB7F3 /* OpenPostViewController.m in Sources */ = {isa = PBXBuildFile; fileRef = 8DFDB38124CF719700FEB7F3 /* OpenPostViewController.m */; };
		8DFDB38824D1F2C300FEB7F3 /* LikeActivity.m in Sources */ = {isa = PBXBuildFile; fileRef = 8DFDB38724D1F2C300FEB7F3 /* LikeActivity.m */; };
		DE7140DE52CC2B7FAACE0D6E /* Pods_Yeet_YeetUITests.framework in Frameworks */ = {isa = PBXBuildFile; fileRef = 305E7AB28DF05B784AD17CEC /* Pods_Yeet_YeetUITests.framework */; };
/* End PBXBuildFile section */

/* Begin PBXContainerItemProxy section */
		8D20DCAC24BE049E00B3977D /* PBXContainerItemProxy */ = {
			isa = PBXContainerItemProxy;
			containerPortal = 8D20DC8824BE049E00B3977D /* Project object */;
			proxyType = 1;
			remoteGlobalIDString = 8D20DC8F24BE049E00B3977D;
			remoteInfo = Yeet;
		};
		8D20DCB724BE049E00B3977D /* PBXContainerItemProxy */ = {
			isa = PBXContainerItemProxy;
			containerPortal = 8D20DC8824BE049E00B3977D /* Project object */;
			proxyType = 1;
			remoteGlobalIDString = 8D20DC8F24BE049E00B3977D;
			remoteInfo = Yeet;
		};
/* End PBXContainerItemProxy section */

/* Begin PBXFileReference section */
		1FB0B136663481607D8ACBDC /* Pods-Yeet.release.xcconfig */ = {isa = PBXFileReference; includeInIndex = 1; lastKnownFileType = text.xcconfig; name = "Pods-Yeet.release.xcconfig"; path = "Target Support Files/Pods-Yeet/Pods-Yeet.release.xcconfig"; sourceTree = "<group>"; };
		27741C3CD52C1ECFFD06B43A /* Pods_YeetTests.framework */ = {isa = PBXFileReference; explicitFileType = wrapper.framework; includeInIndex = 0; path = Pods_YeetTests.framework; sourceTree = BUILT_PRODUCTS_DIR; };
		305E7AB28DF05B784AD17CEC /* Pods_Yeet_YeetUITests.framework */ = {isa = PBXFileReference; explicitFileType = wrapper.framework; includeInIndex = 0; path = Pods_Yeet_YeetUITests.framework; sourceTree = BUILT_PRODUCTS_DIR; };
		3B49D03898C3DCFCAD399008 /* Pods_Yeet.framework */ = {isa = PBXFileReference; explicitFileType = wrapper.framework; includeInIndex = 0; path = Pods_Yeet.framework; sourceTree = BUILT_PRODUCTS_DIR; };
		70789B435B721AF9D2B9F5AD /* Pods-Yeet-YeetUITests.release.xcconfig */ = {isa = PBXFileReference; includeInIndex = 1; lastKnownFileType = text.xcconfig; name = "Pods-Yeet-YeetUITests.release.xcconfig"; path = "Target Support Files/Pods-Yeet-YeetUITests/Pods-Yeet-YeetUITests.release.xcconfig"; sourceTree = "<group>"; };
		8D20DC9024BE049E00B3977D /* Yeet.app */ = {isa = PBXFileReference; explicitFileType = wrapper.application; includeInIndex = 0; path = Yeet.app; sourceTree = BUILT_PRODUCTS_DIR; };
		8D20DC9324BE049E00B3977D /* AppDelegate.h */ = {isa = PBXFileReference; lastKnownFileType = sourcecode.c.h; path = AppDelegate.h; sourceTree = "<group>"; };
		8D20DC9424BE049E00B3977D /* AppDelegate.m */ = {isa = PBXFileReference; lastKnownFileType = sourcecode.c.objc; path = AppDelegate.m; sourceTree = "<group>"; };
		8D20DC9624BE049E00B3977D /* SceneDelegate.h */ = {isa = PBXFileReference; lastKnownFileType = sourcecode.c.h; path = SceneDelegate.h; sourceTree = "<group>"; };
		8D20DC9724BE049E00B3977D /* SceneDelegate.m */ = {isa = PBXFileReference; lastKnownFileType = sourcecode.c.objc; path = SceneDelegate.m; sourceTree = "<group>"; };
		8D20DC9D24BE049E00B3977D /* Base */ = {isa = PBXFileReference; lastKnownFileType = file.storyboard; name = Base; path = Base.lproj/Main.storyboard; sourceTree = "<group>"; };
		8D20DC9F24BE049E00B3977D /* Assets.xcassets */ = {isa = PBXFileReference; lastKnownFileType = folder.assetcatalog; path = Assets.xcassets; sourceTree = "<group>"; };
		8D20DCA224BE049E00B3977D /* Base */ = {isa = PBXFileReference; lastKnownFileType = file.storyboard; name = Base; path = Base.lproj/LaunchScreen.storyboard; sourceTree = "<group>"; };
		8D20DCA424BE049E00B3977D /* Info.plist */ = {isa = PBXFileReference; lastKnownFileType = text.plist.xml; path = Info.plist; sourceTree = "<group>"; };
		8D20DCA524BE049E00B3977D /* main.m */ = {isa = PBXFileReference; lastKnownFileType = sourcecode.c.objc; path = main.m; sourceTree = "<group>"; };
		8D20DCAB24BE049E00B3977D /* YeetTests.xctest */ = {isa = PBXFileReference; explicitFileType = wrapper.cfbundle; includeInIndex = 0; path = YeetTests.xctest; sourceTree = BUILT_PRODUCTS_DIR; };
		8D20DCAF24BE049E00B3977D /* YeetTests.m */ = {isa = PBXFileReference; lastKnownFileType = sourcecode.c.objc; path = YeetTests.m; sourceTree = "<group>"; };
		8D20DCB124BE049E00B3977D /* Info.plist */ = {isa = PBXFileReference; lastKnownFileType = text.plist.xml; path = Info.plist; sourceTree = "<group>"; };
		8D20DCB624BE049E00B3977D /* YeetUITests.xctest */ = {isa = PBXFileReference; explicitFileType = wrapper.cfbundle; includeInIndex = 0; path = YeetUITests.xctest; sourceTree = BUILT_PRODUCTS_DIR; };
		8D20DCBA24BE049E00B3977D /* YeetUITests.m */ = {isa = PBXFileReference; lastKnownFileType = sourcecode.c.objc; path = YeetUITests.m; sourceTree = "<group>"; };
		8D20DCBC24BE049E00B3977D /* Info.plist */ = {isa = PBXFileReference; lastKnownFileType = text.plist.xml; path = Info.plist; sourceTree = "<group>"; };
		8D20DCC924BE13EA00B3977D /* LoginViewController.h */ = {isa = PBXFileReference; lastKnownFileType = sourcecode.c.h; path = LoginViewController.h; sourceTree = "<group>"; };
		8D20DCCA24BE13EA00B3977D /* LoginViewController.m */ = {isa = PBXFileReference; lastKnownFileType = sourcecode.c.objc; path = LoginViewController.m; sourceTree = "<group>"; };
		8D20DCCC24BE446A00B3977D /* SignUpViewController.h */ = {isa = PBXFileReference; lastKnownFileType = sourcecode.c.h; path = SignUpViewController.h; sourceTree = "<group>"; };
		8D20DCCD24BE446A00B3977D /* SignUpViewController.m */ = {isa = PBXFileReference; lastKnownFileType = sourcecode.c.objc; path = SignUpViewController.m; sourceTree = "<group>"; };
		8D20DCCF24BE52E500B3977D /* ProfileViewController.h */ = {isa = PBXFileReference; lastKnownFileType = sourcecode.c.h; path = ProfileViewController.h; sourceTree = "<group>"; };
		8D20DCD024BE52E500B3977D /* ProfileViewController.m */ = {isa = PBXFileReference; lastKnownFileType = sourcecode.c.objc; path = ProfileViewController.m; sourceTree = "<group>"; };
		8D20DCD224BE69B500B3977D /* TimelineViewController.h */ = {isa = PBXFileReference; lastKnownFileType = sourcecode.c.h; path = TimelineViewController.h; sourceTree = "<group>"; };
		8D20DCD324BE69B500B3977D /* TimelineViewController.m */ = {isa = PBXFileReference; lastKnownFileType = sourcecode.c.objc; path = TimelineViewController.m; sourceTree = "<group>"; };
		8D20DCD824BF57C100B3977D /* Post.h */ = {isa = PBXFileReference; lastKnownFileType = sourcecode.c.h; path = Post.h; sourceTree = "<group>"; };
		8D20DCD924BF57C100B3977D /* Post.m */ = {isa = PBXFileReference; lastKnownFileType = sourcecode.c.objc; path = Post.m; sourceTree = "<group>"; };
		8D20DCDB24BF581E00B3977D /* PostCell.h */ = {isa = PBXFileReference; lastKnownFileType = sourcecode.c.h; path = PostCell.h; sourceTree = "<group>"; };
		8D20DCDC24BF581E00B3977D /* PostCell.m */ = {isa = PBXFileReference; lastKnownFileType = sourcecode.c.objc; path = PostCell.m; sourceTree = "<group>"; };
		8D20DCE124BF8EE800B3977D /* SongViewController.h */ = {isa = PBXFileReference; lastKnownFileType = sourcecode.c.h; path = SongViewController.h; sourceTree = "<group>"; };
		8D20DCE224BF8EE800B3977D /* SongViewController.m */ = {isa = PBXFileReference; lastKnownFileType = sourcecode.c.objc; path = SongViewController.m; sourceTree = "<group>"; };
		8D20DCE424BF9A4300B3977D /* SongCell.h */ = {isa = PBXFileReference; lastKnownFileType = sourcecode.c.h; path = SongCell.h; sourceTree = "<group>"; };
		8D20DCE524BF9A4300B3977D /* SongCell.m */ = {isa = PBXFileReference; lastKnownFileType = sourcecode.c.objc; path = SongCell.m; sourceTree = "<group>"; };
		8D20DCE724BFA22100B3977D /* SpotifyiOS.framework */ = {isa = PBXFileReference; lastKnownFileType = wrapper.framework; path = SpotifyiOS.framework; sourceTree = "<group>"; };
		8D43D66F24DA036B0095484B /* ApplicationScheme.m */ = {isa = PBXFileReference; fileEncoding = 4; lastKnownFileType = sourcecode.c.objc; path = ApplicationScheme.m; sourceTree = "<group>"; };
		8D43D67024DA036B0095484B /* ApplicationScheme.h */ = {isa = PBXFileReference; fileEncoding = 4; lastKnownFileType = sourcecode.c.h; path = ApplicationScheme.h; sourceTree = "<group>"; };
		8D43D67224DA16A20095484B /* Utils.h */ = {isa = PBXFileReference; lastKnownFileType = sourcecode.c.h; path = Utils.h; sourceTree = "<group>"; };
		8D43D67324DA16A20095484B /* Utils.m */ = {isa = PBXFileReference; lastKnownFileType = sourcecode.c.objc; path = Utils.m; sourceTree = "<group>"; };
		8D5634F724C0C846004A6283 /* DetailsViewController.h */ = {isa = PBXFileReference; lastKnownFileType = sourcecode.c.h; path = DetailsViewController.h; sourceTree = "<group>"; };
		8D5634F824C0C846004A6283 /* DetailsViewController.m */ = {isa = PBXFileReference; lastKnownFileType = sourcecode.c.objc; path = DetailsViewController.m; sourceTree = "<group>"; };
		8D5E047B24CA049900EAE9F8 /* Song.h */ = {isa = PBXFileReference; lastKnownFileType = sourcecode.c.h; path = Song.h; sourceTree = "<group>"; };
		8D5E047C24CA049900EAE9F8 /* Song.m */ = {isa = PBXFileReference; lastKnownFileType = sourcecode.c.objc; path = Song.m; sourceTree = "<group>"; };
		8D71BEDA24C8E29100093B72 /* APIManager.h */ = {isa = PBXFileReference; lastKnownFileType = sourcecode.c.h; path = APIManager.h; sourceTree = "<group>"; };
		8D71BEDB24C8E29100093B72 /* APIManager.m */ = {isa = PBXFileReference; lastKnownFileType = sourcecode.c.objc; path = APIManager.m; sourceTree = "<group>"; };
		8DFDB38024CF719700FEB7F3 /* OpenPostViewController.h */ = {isa = PBXFileReference; lastKnownFileType = sourcecode.c.h; path = OpenPostViewController.h; sourceTree = "<group>"; };
		8DFDB38124CF719700FEB7F3 /* OpenPostViewController.m */ = {isa = PBXFileReference; lastKnownFileType = sourcecode.c.objc; path = OpenPostViewController.m; sourceTree = "<group>"; };
		8DFDB38624D1F2C300FEB7F3 /* LikeActivity.h */ = {isa = PBXFileReference; lastKnownFileType = sourcecode.c.h; path = LikeActivity.h; sourceTree = "<group>"; };
		8DFDB38724D1F2C300FEB7F3 /* LikeActivity.m */ = {isa = PBXFileReference; lastKnownFileType = sourcecode.c.objc; path = LikeActivity.m; sourceTree = "<group>"; };
		8E8E53B0CD0046202C5CC437 /* Pods-YeetTests.release.xcconfig */ = {isa = PBXFileReference; includeInIndex = 1; lastKnownFileType = text.xcconfig; name = "Pods-YeetTests.release.xcconfig"; path = "Target Support Files/Pods-YeetTests/Pods-YeetTests.release.xcconfig"; sourceTree = "<group>"; };
		CA4B14A792DB111744CCD3B7 /* Pods-Yeet-YeetUITests.debug.xcconfig */ = {isa = PBXFileReference; includeInIndex = 1; lastKnownFileType = text.xcconfig; name = "Pods-Yeet-YeetUITests.debug.xcconfig"; path = "Target Support Files/Pods-Yeet-YeetUITests/Pods-Yeet-YeetUITests.debug.xcconfig"; sourceTree = "<group>"; };
		E64B7BB63E07AA882C9ACC3F /* Pods-YeetTests.debug.xcconfig */ = {isa = PBXFileReference; includeInIndex = 1; lastKnownFileType = text.xcconfig; name = "Pods-YeetTests.debug.xcconfig"; path = "Target Support Files/Pods-YeetTests/Pods-YeetTests.debug.xcconfig"; sourceTree = "<group>"; };
		EB091F450B5453557CBE790E /* Pods-Yeet.debug.xcconfig */ = {isa = PBXFileReference; includeInIndex = 1; lastKnownFileType = text.xcconfig; name = "Pods-Yeet.debug.xcconfig"; path = "Target Support Files/Pods-Yeet/Pods-Yeet.debug.xcconfig"; sourceTree = "<group>"; };
/* End PBXFileReference section */

/* Begin PBXFrameworksBuildPhase section */
		8D20DC8D24BE049E00B3977D /* Frameworks */ = {
			isa = PBXFrameworksBuildPhase;
			buildActionMask = 2147483647;
			files = (
				6A3C63AF65BEE81BBD80F585 /* Pods_Yeet.framework in Frameworks */,
				8D20DCE824BFA22100B3977D /* SpotifyiOS.framework in Frameworks */,
			);
			runOnlyForDeploymentPostprocessing = 0;
		};
		8D20DCA824BE049E00B3977D /* Frameworks */ = {
			isa = PBXFrameworksBuildPhase;
			buildActionMask = 2147483647;
			files = (
				58EFF495AE27A3DCD4263CBC /* Pods_YeetTests.framework in Frameworks */,
			);
			runOnlyForDeploymentPostprocessing = 0;
		};
		8D20DCB324BE049E00B3977D /* Frameworks */ = {
			isa = PBXFrameworksBuildPhase;
			buildActionMask = 2147483647;
			files = (
				DE7140DE52CC2B7FAACE0D6E /* Pods_Yeet_YeetUITests.framework in Frameworks */,
			);
			runOnlyForDeploymentPostprocessing = 0;
		};
/* End PBXFrameworksBuildPhase section */

/* Begin PBXGroup section */
		8A751ADA0A8AB82122D608CF /* Pods */ = {
			isa = PBXGroup;
			children = (
				EB091F450B5453557CBE790E /* Pods-Yeet.debug.xcconfig */,
				1FB0B136663481607D8ACBDC /* Pods-Yeet.release.xcconfig */,
				CA4B14A792DB111744CCD3B7 /* Pods-Yeet-YeetUITests.debug.xcconfig */,
				70789B435B721AF9D2B9F5AD /* Pods-Yeet-YeetUITests.release.xcconfig */,
				E64B7BB63E07AA882C9ACC3F /* Pods-YeetTests.debug.xcconfig */,
				8E8E53B0CD0046202C5CC437 /* Pods-YeetTests.release.xcconfig */,
			);
			path = Pods;
			sourceTree = "<group>";
		};
		8D20DC8724BE049E00B3977D = {
			isa = PBXGroup;
			children = (
				8D20DC9224BE049E00B3977D /* Yeet */,
				8D20DCAE24BE049E00B3977D /* YeetTests */,
				8D20DCB924BE049E00B3977D /* YeetUITests */,
				8D20DC9124BE049E00B3977D /* Products */,
				8A751ADA0A8AB82122D608CF /* Pods */,
				DF630477BF5B240D16A3E0F7 /* Frameworks */,
			);
			sourceTree = "<group>";
		};
		8D20DC9124BE049E00B3977D /* Products */ = {
			isa = PBXGroup;
			children = (
				8D20DC9024BE049E00B3977D /* Yeet.app */,
				8D20DCAB24BE049E00B3977D /* YeetTests.xctest */,
				8D20DCB624BE049E00B3977D /* YeetUITests.xctest */,
			);
			name = Products;
			sourceTree = "<group>";
		};
		8D20DC9224BE049E00B3977D /* Yeet */ = {
			isa = PBXGroup;
			children = (
				8D43D67024DA036B0095484B /* ApplicationScheme.h */,
				8D43D66F24DA036B0095484B /* ApplicationScheme.m */,
				8D20DCD724BF574500B3977D /* Views */,
				8D20DCD624BF573800B3977D /* Models */,
				8D20DCC824BE13D200B3977D /* View Controllers */,
				8D20DC9324BE049E00B3977D /* AppDelegate.h */,
				8D20DC9424BE049E00B3977D /* AppDelegate.m */,
				8D20DC9624BE049E00B3977D /* SceneDelegate.h */,
				8D20DC9724BE049E00B3977D /* SceneDelegate.m */,
				8D20DC9C24BE049E00B3977D /* Main.storyboard */,
				8D20DC9F24BE049E00B3977D /* Assets.xcassets */,
				8D20DCA124BE049E00B3977D /* LaunchScreen.storyboard */,
				8D20DCA424BE049E00B3977D /* Info.plist */,
				8D20DCA524BE049E00B3977D /* main.m */,
			);
			path = Yeet;
			sourceTree = "<group>";
		};
		8D20DCAE24BE049E00B3977D /* YeetTests */ = {
			isa = PBXGroup;
			children = (
				8D20DCAF24BE049E00B3977D /* YeetTests.m */,
				8D20DCB124BE049E00B3977D /* Info.plist */,
			);
			path = YeetTests;
			sourceTree = "<group>";
		};
		8D20DCB924BE049E00B3977D /* YeetUITests */ = {
			isa = PBXGroup;
			children = (
				8D20DCBA24BE049E00B3977D /* YeetUITests.m */,
				8D20DCBC24BE049E00B3977D /* Info.plist */,
			);
			path = YeetUITests;
			sourceTree = "<group>";
		};
		8D20DCC824BE13D200B3977D /* View Controllers */ = {
			isa = PBXGroup;
			children = (
				8D20DCC924BE13EA00B3977D /* LoginViewController.h */,
				8D20DCCA24BE13EA00B3977D /* LoginViewController.m */,
				8D20DCCC24BE446A00B3977D /* SignUpViewController.h */,
				8D20DCCD24BE446A00B3977D /* SignUpViewController.m */,
				8D20DCCF24BE52E500B3977D /* ProfileViewController.h */,
				8D20DCD024BE52E500B3977D /* ProfileViewController.m */,
				8D20DCD224BE69B500B3977D /* TimelineViewController.h */,
				8D20DCD324BE69B500B3977D /* TimelineViewController.m */,
				8D20DCE124BF8EE800B3977D /* SongViewController.h */,
				8D20DCE224BF8EE800B3977D /* SongViewController.m */,
				8D5634F724C0C846004A6283 /* DetailsViewController.h */,
				8D5634F824C0C846004A6283 /* DetailsViewController.m */,
				8DFDB38024CF719700FEB7F3 /* OpenPostViewController.h */,
				8DFDB38124CF719700FEB7F3 /* OpenPostViewController.m */,
				8D71BED924C8DB2900093B72 /* API */,
			);
			path = "View Controllers";
			sourceTree = "<group>";
		};
		8D20DCD624BF573800B3977D /* Models */ = {
			isa = PBXGroup;
			children = (
				8D20DCD824BF57C100B3977D /* Post.h */,
				8D20DCD924BF57C100B3977D /* Post.m */,
				8D5E047B24CA049900EAE9F8 /* Song.h */,
				8D5E047C24CA049900EAE9F8 /* Song.m */,
				8DFDB38624D1F2C300FEB7F3 /* LikeActivity.h */,
				8DFDB38724D1F2C300FEB7F3 /* LikeActivity.m */,
				8D43D67224DA16A20095484B /* Utils.h */,
				8D43D67324DA16A20095484B /* Utils.m */,
			);
			path = Models;
			sourceTree = "<group>";
		};
		8D20DCD724BF574500B3977D /* Views */ = {
			isa = PBXGroup;
			children = (
				8D20DCDB24BF581E00B3977D /* PostCell.h */,
				8D20DCDC24BF581E00B3977D /* PostCell.m */,
				8D20DCE424BF9A4300B3977D /* SongCell.h */,
				8D20DCE524BF9A4300B3977D /* SongCell.m */,
			);
			path = Views;
			sourceTree = "<group>";
		};
		8D71BED924C8DB2900093B72 /* API */ = {
			isa = PBXGroup;
			children = (
				8D71BEDA24C8E29100093B72 /* APIManager.h */,
				8D71BEDB24C8E29100093B72 /* APIManager.m */,
			);
			path = API;
			sourceTree = "<group>";
		};
		DF630477BF5B240D16A3E0F7 /* Frameworks */ = {
			isa = PBXGroup;
			children = (
				8D20DCE724BFA22100B3977D /* SpotifyiOS.framework */,
				3B49D03898C3DCFCAD399008 /* Pods_Yeet.framework */,
				305E7AB28DF05B784AD17CEC /* Pods_Yeet_YeetUITests.framework */,
				27741C3CD52C1ECFFD06B43A /* Pods_YeetTests.framework */,
			);
			name = Frameworks;
			sourceTree = "<group>";
		};
/* End PBXGroup section */

/* Begin PBXNativeTarget section */
		8D20DC8F24BE049E00B3977D /* Yeet */ = {
			isa = PBXNativeTarget;
			buildConfigurationList = 8D20DCBF24BE049E00B3977D /* Build configuration list for PBXNativeTarget "Yeet" */;
			buildPhases = (
				DF38B70108CB63692C601470 /* [CP] Check Pods Manifest.lock */,
				8D20DC8C24BE049E00B3977D /* Sources */,
				8D20DC8D24BE049E00B3977D /* Frameworks */,
				8D20DC8E24BE049E00B3977D /* Resources */,
				4A723BF18BB8A1FBE838E76F /* [CP] Embed Pods Frameworks */,
			);
			buildRules = (
			);
			dependencies = (
			);
			name = Yeet;
			productName = Yeet;
			productReference = 8D20DC9024BE049E00B3977D /* Yeet.app */;
			productType = "com.apple.product-type.application";
		};
		8D20DCAA24BE049E00B3977D /* YeetTests */ = {
			isa = PBXNativeTarget;
			buildConfigurationList = 8D20DCC224BE049E00B3977D /* Build configuration list for PBXNativeTarget "YeetTests" */;
			buildPhases = (
				38D1BFD13B1EC99ECDBFD1D9 /* [CP] Check Pods Manifest.lock */,
				8D20DCA724BE049E00B3977D /* Sources */,
				8D20DCA824BE049E00B3977D /* Frameworks */,
				8D20DCA924BE049E00B3977D /* Resources */,
			);
			buildRules = (
			);
			dependencies = (
				8D20DCAD24BE049E00B3977D /* PBXTargetDependency */,
			);
			name = YeetTests;
			productName = YeetTests;
			productReference = 8D20DCAB24BE049E00B3977D /* YeetTests.xctest */;
			productType = "com.apple.product-type.bundle.unit-test";
		};
		8D20DCB524BE049E00B3977D /* YeetUITests */ = {
			isa = PBXNativeTarget;
			buildConfigurationList = 8D20DCC524BE049E00B3977D /* Build configuration list for PBXNativeTarget "YeetUITests" */;
			buildPhases = (
				EED2E02B3CDD828974A2FD98 /* [CP] Check Pods Manifest.lock */,
				8D20DCB224BE049E00B3977D /* Sources */,
				8D20DCB324BE049E00B3977D /* Frameworks */,
				8D20DCB424BE049E00B3977D /* Resources */,
				445F1A47C11B03FFF15E2B27 /* [CP] Embed Pods Frameworks */,
			);
			buildRules = (
			);
			dependencies = (
				8D20DCB824BE049E00B3977D /* PBXTargetDependency */,
			);
			name = YeetUITests;
			productName = YeetUITests;
			productReference = 8D20DCB624BE049E00B3977D /* YeetUITests.xctest */;
			productType = "com.apple.product-type.bundle.ui-testing";
		};
/* End PBXNativeTarget section */

/* Begin PBXProject section */
		8D20DC8824BE049E00B3977D /* Project object */ = {
			isa = PBXProject;
			attributes = {
				LastUpgradeCheck = 1150;
				ORGANIZATIONNAME = ssantoyo;
				TargetAttributes = {
					8D20DC8F24BE049E00B3977D = {
						CreatedOnToolsVersion = 11.5;
					};
					8D20DCAA24BE049E00B3977D = {
						CreatedOnToolsVersion = 11.5;
						TestTargetID = 8D20DC8F24BE049E00B3977D;
					};
					8D20DCB524BE049E00B3977D = {
						CreatedOnToolsVersion = 11.5;
						TestTargetID = 8D20DC8F24BE049E00B3977D;
					};
				};
			};
			buildConfigurationList = 8D20DC8B24BE049E00B3977D /* Build configuration list for PBXProject "Yeet" */;
			compatibilityVersion = "Xcode 9.3";
			developmentRegion = en;
			hasScannedForEncodings = 0;
			knownRegions = (
				en,
				Base,
			);
			mainGroup = 8D20DC8724BE049E00B3977D;
			productRefGroup = 8D20DC9124BE049E00B3977D /* Products */;
			projectDirPath = "";
			projectRoot = "";
			targets = (
				8D20DC8F24BE049E00B3977D /* Yeet */,
				8D20DCAA24BE049E00B3977D /* YeetTests */,
				8D20DCB524BE049E00B3977D /* YeetUITests */,
			);
		};
/* End PBXProject section */

/* Begin PBXResourcesBuildPhase section */
		8D20DC8E24BE049E00B3977D /* Resources */ = {
			isa = PBXResourcesBuildPhase;
			buildActionMask = 2147483647;
			files = (
				8D20DCA324BE049E00B3977D /* LaunchScreen.storyboard in Resources */,
				8D20DCA024BE049E00B3977D /* Assets.xcassets in Resources */,
				8D20DC9E24BE049E00B3977D /* Main.storyboard in Resources */,
			);
			runOnlyForDeploymentPostprocessing = 0;
		};
		8D20DCA924BE049E00B3977D /* Resources */ = {
			isa = PBXResourcesBuildPhase;
			buildActionMask = 2147483647;
			files = (
			);
			runOnlyForDeploymentPostprocessing = 0;
		};
		8D20DCB424BE049E00B3977D /* Resources */ = {
			isa = PBXResourcesBuildPhase;
			buildActionMask = 2147483647;
			files = (
			);
			runOnlyForDeploymentPostprocessing = 0;
		};
/* End PBXResourcesBuildPhase section */

/* Begin PBXShellScriptBuildPhase section */
		38D1BFD13B1EC99ECDBFD1D9 /* [CP] Check Pods Manifest.lock */ = {
			isa = PBXShellScriptBuildPhase;
			buildActionMask = 2147483647;
			files = (
			);
			inputFileListPaths = (
			);
			inputPaths = (
				"${PODS_PODFILE_DIR_PATH}/Podfile.lock",
				"${PODS_ROOT}/Manifest.lock",
			);
			name = "[CP] Check Pods Manifest.lock";
			outputFileListPaths = (
			);
			outputPaths = (
				"$(DERIVED_FILE_DIR)/Pods-YeetTests-checkManifestLockResult.txt",
			);
			runOnlyForDeploymentPostprocessing = 0;
			shellPath = /bin/sh;
			shellScript = "diff \"${PODS_PODFILE_DIR_PATH}/Podfile.lock\" \"${PODS_ROOT}/Manifest.lock\" > /dev/null\nif [ $? != 0 ] ; then\n    # print error to STDERR\n    echo \"error: The sandbox is not in sync with the Podfile.lock. Run 'pod install' or update your CocoaPods installation.\" >&2\n    exit 1\nfi\n# This output is used by Xcode 'outputs' to avoid re-running this script phase.\necho \"SUCCESS\" > \"${SCRIPT_OUTPUT_FILE_0}\"\n";
			showEnvVarsInLog = 0;
		};
		445F1A47C11B03FFF15E2B27 /* [CP] Embed Pods Frameworks */ = {
			isa = PBXShellScriptBuildPhase;
			buildActionMask = 2147483647;
			files = (
			);
			inputFileListPaths = (
				"${PODS_ROOT}/Target Support Files/Pods-Yeet-YeetUITests/Pods-Yeet-YeetUITests-frameworks-${CONFIGURATION}-input-files.xcfilelist",
			);
			name = "[CP] Embed Pods Frameworks";
			outputFileListPaths = (
				"${PODS_ROOT}/Target Support Files/Pods-Yeet-YeetUITests/Pods-Yeet-YeetUITests-frameworks-${CONFIGURATION}-output-files.xcfilelist",
			);
			runOnlyForDeploymentPostprocessing = 0;
			shellPath = /bin/sh;
			shellScript = "\"${PODS_ROOT}/Target Support Files/Pods-Yeet-YeetUITests/Pods-Yeet-YeetUITests-frameworks.sh\"\n";
			showEnvVarsInLog = 0;
		};
		4A723BF18BB8A1FBE838E76F /* [CP] Embed Pods Frameworks */ = {
			isa = PBXShellScriptBuildPhase;
			buildActionMask = 2147483647;
			files = (
			);
			inputFileListPaths = (
				"${PODS_ROOT}/Target Support Files/Pods-Yeet/Pods-Yeet-frameworks-${CONFIGURATION}-input-files.xcfilelist",
			);
			name = "[CP] Embed Pods Frameworks";
			outputFileListPaths = (
				"${PODS_ROOT}/Target Support Files/Pods-Yeet/Pods-Yeet-frameworks-${CONFIGURATION}-output-files.xcfilelist",
			);
			runOnlyForDeploymentPostprocessing = 0;
			shellPath = /bin/sh;
			shellScript = "\"${PODS_ROOT}/Target Support Files/Pods-Yeet/Pods-Yeet-frameworks.sh\"\n";
			showEnvVarsInLog = 0;
		};
		DF38B70108CB63692C601470 /* [CP] Check Pods Manifest.lock */ = {
			isa = PBXShellScriptBuildPhase;
			buildActionMask = 2147483647;
			files = (
			);
			inputFileListPaths = (
			);
			inputPaths = (
				"${PODS_PODFILE_DIR_PATH}/Podfile.lock",
				"${PODS_ROOT}/Manifest.lock",
			);
			name = "[CP] Check Pods Manifest.lock";
			outputFileListPaths = (
			);
			outputPaths = (
				"$(DERIVED_FILE_DIR)/Pods-Yeet-checkManifestLockResult.txt",
			);
			runOnlyForDeploymentPostprocessing = 0;
			shellPath = /bin/sh;
			shellScript = "diff \"${PODS_PODFILE_DIR_PATH}/Podfile.lock\" \"${PODS_ROOT}/Manifest.lock\" > /dev/null\nif [ $? != 0 ] ; then\n    # print error to STDERR\n    echo \"error: The sandbox is not in sync with the Podfile.lock. Run 'pod install' or update your CocoaPods installation.\" >&2\n    exit 1\nfi\n# This output is used by Xcode 'outputs' to avoid re-running this script phase.\necho \"SUCCESS\" > \"${SCRIPT_OUTPUT_FILE_0}\"\n";
			showEnvVarsInLog = 0;
		};
		EED2E02B3CDD828974A2FD98 /* [CP] Check Pods Manifest.lock */ = {
			isa = PBXShellScriptBuildPhase;
			buildActionMask = 2147483647;
			files = (
			);
			inputFileListPaths = (
			);
			inputPaths = (
				"${PODS_PODFILE_DIR_PATH}/Podfile.lock",
				"${PODS_ROOT}/Manifest.lock",
			);
			name = "[CP] Check Pods Manifest.lock";
			outputFileListPaths = (
			);
			outputPaths = (
				"$(DERIVED_FILE_DIR)/Pods-Yeet-YeetUITests-checkManifestLockResult.txt",
			);
			runOnlyForDeploymentPostprocessing = 0;
			shellPath = /bin/sh;
			shellScript = "diff \"${PODS_PODFILE_DIR_PATH}/Podfile.lock\" \"${PODS_ROOT}/Manifest.lock\" > /dev/null\nif [ $? != 0 ] ; then\n    # print error to STDERR\n    echo \"error: The sandbox is not in sync with the Podfile.lock. Run 'pod install' or update your CocoaPods installation.\" >&2\n    exit 1\nfi\n# This output is used by Xcode 'outputs' to avoid re-running this script phase.\necho \"SUCCESS\" > \"${SCRIPT_OUTPUT_FILE_0}\"\n";
			showEnvVarsInLog = 0;
		};
/* End PBXShellScriptBuildPhase section */

/* Begin PBXSourcesBuildPhase section */
		8D20DC8C24BE049E00B3977D /* Sources */ = {
			isa = PBXSourcesBuildPhase;
			buildActionMask = 2147483647;
			files = (
				8D5E047D24CA049900EAE9F8 /* Song.m in Sources */,
				8D20DCD424BE69B500B3977D /* TimelineViewController.m in Sources */,
				8D20DC9524BE049E00B3977D /* AppDelegate.m in Sources */,
				8D43D67124DA036B0095484B /* ApplicationScheme.m in Sources */,
				8D20DCCE24BE446A00B3977D /* SignUpViewController.m in Sources */,
				8D71BEDC24C8E29100093B72 /* APIManager.m in Sources */,
				8D5634F924C0C846004A6283 /* DetailsViewController.m in Sources */,
				8DFDB38224CF719700FEB7F3 /* OpenPostViewController.m in Sources */,
				8D20DCDA24BF57C100B3977D /* Post.m in Sources */,
				8D43D67424DA16A20095484B /* Utils.m in Sources */,
				8D20DCA624BE049E00B3977D /* main.m in Sources */,
				8D20DCD124BE52E500B3977D /* ProfileViewController.m in Sources */,
				8D20DC9824BE049E00B3977D /* SceneDelegate.m in Sources */,
				8DFDB38824D1F2C300FEB7F3 /* LikeActivity.m in Sources */,
				8D20DCE624BF9A4300B3977D /* SongCell.m in Sources */,
				8D20DCE324BF8EE800B3977D /* SongViewController.m in Sources */,
				8D20DCCB24BE13EA00B3977D /* LoginViewController.m in Sources */,
				8D20DCDD24BF581E00B3977D /* PostCell.m in Sources */,
			);
			runOnlyForDeploymentPostprocessing = 0;
		};
		8D20DCA724BE049E00B3977D /* Sources */ = {
			isa = PBXSourcesBuildPhase;
			buildActionMask = 2147483647;
			files = (
				8D20DCB024BE049E00B3977D /* YeetTests.m in Sources */,
			);
			runOnlyForDeploymentPostprocessing = 0;
		};
		8D20DCB224BE049E00B3977D /* Sources */ = {
			isa = PBXSourcesBuildPhase;
			buildActionMask = 2147483647;
			files = (
				8D20DCBB24BE049E00B3977D /* YeetUITests.m in Sources */,
			);
			runOnlyForDeploymentPostprocessing = 0;
		};
/* End PBXSourcesBuildPhase section */

/* Begin PBXTargetDependency section */
		8D20DCAD24BE049E00B3977D /* PBXTargetDependency */ = {
			isa = PBXTargetDependency;
			target = 8D20DC8F24BE049E00B3977D /* Yeet */;
			targetProxy = 8D20DCAC24BE049E00B3977D /* PBXContainerItemProxy */;
		};
		8D20DCB824BE049E00B3977D /* PBXTargetDependency */ = {
			isa = PBXTargetDependency;
			target = 8D20DC8F24BE049E00B3977D /* Yeet */;
			targetProxy = 8D20DCB724BE049E00B3977D /* PBXContainerItemProxy */;
		};
/* End PBXTargetDependency section */

/* Begin PBXVariantGroup section */
		8D20DC9C24BE049E00B3977D /* Main.storyboard */ = {
			isa = PBXVariantGroup;
			children = (
				8D20DC9D24BE049E00B3977D /* Base */,
			);
			name = Main.storyboard;
			sourceTree = "<group>";
		};
		8D20DCA124BE049E00B3977D /* LaunchScreen.storyboard */ = {
			isa = PBXVariantGroup;
			children = (
				8D20DCA224BE049E00B3977D /* Base */,
			);
			name = LaunchScreen.storyboard;
			sourceTree = "<group>";
		};
/* End PBXVariantGroup section */

/* Begin XCBuildConfiguration section */
		8D20DCBD24BE049E00B3977D /* Debug */ = {
			isa = XCBuildConfiguration;
			buildSettings = {
				ALWAYS_SEARCH_USER_PATHS = NO;
				CLANG_ANALYZER_NONNULL = YES;
				CLANG_ANALYZER_NUMBER_OBJECT_CONVERSION = YES_AGGRESSIVE;
				CLANG_CXX_LANGUAGE_STANDARD = "gnu++14";
				CLANG_CXX_LIBRARY = "libc++";
				CLANG_ENABLE_MODULES = YES;
				CLANG_ENABLE_OBJC_ARC = YES;
				CLANG_ENABLE_OBJC_WEAK = YES;
				CLANG_WARN_BLOCK_CAPTURE_AUTORELEASING = YES;
				CLANG_WARN_BOOL_CONVERSION = YES;
				CLANG_WARN_COMMA = YES;
				CLANG_WARN_CONSTANT_CONVERSION = YES;
				CLANG_WARN_DEPRECATED_OBJC_IMPLEMENTATIONS = YES;
				CLANG_WARN_DIRECT_OBJC_ISA_USAGE = YES_ERROR;
				CLANG_WARN_DOCUMENTATION_COMMENTS = YES;
				CLANG_WARN_EMPTY_BODY = YES;
				CLANG_WARN_ENUM_CONVERSION = YES;
				CLANG_WARN_INFINITE_RECURSION = YES;
				CLANG_WARN_INT_CONVERSION = YES;
				CLANG_WARN_NON_LITERAL_NULL_CONVERSION = YES;
				CLANG_WARN_OBJC_IMPLICIT_RETAIN_SELF = YES;
				CLANG_WARN_OBJC_LITERAL_CONVERSION = YES;
				CLANG_WARN_OBJC_ROOT_CLASS = YES_ERROR;
				CLANG_WARN_RANGE_LOOP_ANALYSIS = YES;
				CLANG_WARN_STRICT_PROTOTYPES = YES;
				CLANG_WARN_SUSPICIOUS_MOVE = YES;
				CLANG_WARN_UNGUARDED_AVAILABILITY = YES_AGGRESSIVE;
				CLANG_WARN_UNREACHABLE_CODE = YES;
				CLANG_WARN__DUPLICATE_METHOD_MATCH = YES;
				COPY_PHASE_STRIP = NO;
				DEBUG_INFORMATION_FORMAT = dwarf;
				ENABLE_STRICT_OBJC_MSGSEND = YES;
				ENABLE_TESTABILITY = YES;
				GCC_C_LANGUAGE_STANDARD = gnu11;
				GCC_DYNAMIC_NO_PIC = NO;
				GCC_NO_COMMON_BLOCKS = YES;
				GCC_OPTIMIZATION_LEVEL = 0;
				GCC_PREPROCESSOR_DEFINITIONS = (
					"DEBUG=1",
					"$(inherited)",
				);
				GCC_WARN_64_TO_32_BIT_CONVERSION = YES;
				GCC_WARN_ABOUT_RETURN_TYPE = YES_ERROR;
				GCC_WARN_UNDECLARED_SELECTOR = YES;
				GCC_WARN_UNINITIALIZED_AUTOS = YES_AGGRESSIVE;
				GCC_WARN_UNUSED_FUNCTION = YES;
				GCC_WARN_UNUSED_VARIABLE = YES;
				IPHONEOS_DEPLOYMENT_TARGET = 13.5;
				MTL_ENABLE_DEBUG_INFO = INCLUDE_SOURCE;
				MTL_FAST_MATH = YES;
				ONLY_ACTIVE_ARCH = YES;
				SDKROOT = iphoneos;
			};
			name = Debug;
		};
		8D20DCBE24BE049E00B3977D /* Release */ = {
			isa = XCBuildConfiguration;
			buildSettings = {
				ALWAYS_SEARCH_USER_PATHS = NO;
				CLANG_ANALYZER_NONNULL = YES;
				CLANG_ANALYZER_NUMBER_OBJECT_CONVERSION = YES_AGGRESSIVE;
				CLANG_CXX_LANGUAGE_STANDARD = "gnu++14";
				CLANG_CXX_LIBRARY = "libc++";
				CLANG_ENABLE_MODULES = YES;
				CLANG_ENABLE_OBJC_ARC = YES;
				CLANG_ENABLE_OBJC_WEAK = YES;
				CLANG_WARN_BLOCK_CAPTURE_AUTORELEASING = YES;
				CLANG_WARN_BOOL_CONVERSION = YES;
				CLANG_WARN_COMMA = YES;
				CLANG_WARN_CONSTANT_CONVERSION = YES;
				CLANG_WARN_DEPRECATED_OBJC_IMPLEMENTATIONS = YES;
				CLANG_WARN_DIRECT_OBJC_ISA_USAGE = YES_ERROR;
				CLANG_WARN_DOCUMENTATION_COMMENTS = YES;
				CLANG_WARN_EMPTY_BODY = YES;
				CLANG_WARN_ENUM_CONVERSION = YES;
				CLANG_WARN_INFINITE_RECURSION = YES;
				CLANG_WARN_INT_CONVERSION = YES;
				CLANG_WARN_NON_LITERAL_NULL_CONVERSION = YES;
				CLANG_WARN_OBJC_IMPLICIT_RETAIN_SELF = YES;
				CLANG_WARN_OBJC_LITERAL_CONVERSION = YES;
				CLANG_WARN_OBJC_ROOT_CLASS = YES_ERROR;
				CLANG_WARN_RANGE_LOOP_ANALYSIS = YES;
				CLANG_WARN_STRICT_PROTOTYPES = YES;
				CLANG_WARN_SUSPICIOUS_MOVE = YES;
				CLANG_WARN_UNGUARDED_AVAILABILITY = YES_AGGRESSIVE;
				CLANG_WARN_UNREACHABLE_CODE = YES;
				CLANG_WARN__DUPLICATE_METHOD_MATCH = YES;
				COPY_PHASE_STRIP = NO;
				DEBUG_INFORMATION_FORMAT = "dwarf-with-dsym";
				ENABLE_NS_ASSERTIONS = NO;
				ENABLE_STRICT_OBJC_MSGSEND = YES;
				GCC_C_LANGUAGE_STANDARD = gnu11;
				GCC_NO_COMMON_BLOCKS = YES;
				GCC_WARN_64_TO_32_BIT_CONVERSION = YES;
				GCC_WARN_ABOUT_RETURN_TYPE = YES_ERROR;
				GCC_WARN_UNDECLARED_SELECTOR = YES;
				GCC_WARN_UNINITIALIZED_AUTOS = YES_AGGRESSIVE;
				GCC_WARN_UNUSED_FUNCTION = YES;
				GCC_WARN_UNUSED_VARIABLE = YES;
				IPHONEOS_DEPLOYMENT_TARGET = 13.5;
				MTL_ENABLE_DEBUG_INFO = NO;
				MTL_FAST_MATH = YES;
				SDKROOT = iphoneos;
				VALIDATE_PRODUCT = YES;
			};
			name = Release;
		};
		8D20DCC024BE049E00B3977D /* Debug */ = {
			isa = XCBuildConfiguration;
			baseConfigurationReference = EB091F450B5453557CBE790E /* Pods-Yeet.debug.xcconfig */;
			buildSettings = {
				ASSETCATALOG_COMPILER_APPICON_NAME = AppIcon;
				CODE_SIGN_STYLE = Automatic;
				DEVELOPMENT_TEAM = R462SWBSJD;
				FRAMEWORK_SEARCH_PATHS = (
					"$(inherited)",
					"$(PROJECT_DIR)",
				);
				INFOPLIST_FILE = Yeet/Info.plist;
				LD_RUNPATH_SEARCH_PATHS = (
					"$(inherited)",
					"@executable_path/Frameworks",
				);
				OTHER_LDFLAGS = (
					"$(inherited)",
					"-l\"sqlite3\"",
					"-l\"z\"",
					"-framework",
					"\"AudioToolbox\"",
					"-framework",
					"\"Bolts\"",
					"-framework",
					"\"CFNetwork\"",
					"-framework",
					"\"CoreGraphics\"",
					"-framework",
					"\"CoreLocation\"",
					"-framework",
					"\"DateTools\"",
					"-framework",
					"\"Foundation\"",
					"-framework",
					"\"NSDate_TimeAgo\"",
					"-framework",
					"\"Parse\"",
					"-framework",
					"\"QuartzCore\"",
					"-framework",
					"\"Security\"",
					"-framework",
					"\"StoreKit\"",
					"-framework",
					"\"SystemConfiguration\"",
					"-framework",
					"\"UIKit\"",
					"-weak_framework",
					"\"Accounts\"",
					"-weak_framework",
					"\"Social\"",
					"-ObjC",
				);
				PRODUCT_BUNDLE_IDENTIFIER = com.ssantoyo.Yeet;
				PRODUCT_NAME = "$(TARGET_NAME)";
				TARGETED_DEVICE_FAMILY = "1,2";
			};
			name = Debug;
		};
		8D20DCC124BE049E00B3977D /* Release */ = {
			isa = XCBuildConfiguration;
			baseConfigurationReference = 1FB0B136663481607D8ACBDC /* Pods-Yeet.release.xcconfig */;
			buildSettings = {
				ASSETCATALOG_COMPILER_APPICON_NAME = AppIcon;
				CODE_SIGN_STYLE = Automatic;
				DEVELOPMENT_TEAM = R462SWBSJD;
				FRAMEWORK_SEARCH_PATHS = (
					"$(inherited)",
					"$(PROJECT_DIR)",
				);
				INFOPLIST_FILE = Yeet/Info.plist;
				LD_RUNPATH_SEARCH_PATHS = (
					"$(inherited)",
					"@executable_path/Frameworks",
				);
				OTHER_LDFLAGS = (
					"$(inherited)",
					"-l\"sqlite3\"",
					"-l\"z\"",
					"-framework",
					"\"AudioToolbox\"",
					"-framework",
					"\"Bolts\"",
					"-framework",
					"\"CFNetwork\"",
					"-framework",
					"\"CoreGraphics\"",
					"-framework",
					"\"CoreLocation\"",
					"-framework",
					"\"DateTools\"",
					"-framework",
					"\"Foundation\"",
					"-framework",
					"\"NSDate_TimeAgo\"",
					"-framework",
					"\"Parse\"",
					"-framework",
					"\"QuartzCore\"",
					"-framework",
					"\"Security\"",
					"-framework",
					"\"StoreKit\"",
					"-framework",
					"\"SystemConfiguration\"",
					"-framework",
					"\"UIKit\"",
					"-weak_framework",
					"\"Accounts\"",
					"-weak_framework",
					"\"Social\"",
					"-ObjC",
				);
				PRODUCT_BUNDLE_IDENTIFIER = com.ssantoyo.Yeet;
				PRODUCT_NAME = "$(TARGET_NAME)";
				TARGETED_DEVICE_FAMILY = "1,2";
			};
			name = Release;
		};
		8D20DCC324BE049E00B3977D /* Debug */ = {
			isa = XCBuildConfiguration;
			baseConfigurationReference = E64B7BB63E07AA882C9ACC3F /* Pods-YeetTests.debug.xcconfig */;
			buildSettings = {
				BUNDLE_LOADER = "$(TEST_HOST)";
				CODE_SIGN_STYLE = Automatic;
				DEVELOPMENT_TEAM = R462SWBSJD;
				INFOPLIST_FILE = YeetTests/Info.plist;
				IPHONEOS_DEPLOYMENT_TARGET = 13.5;
				LD_RUNPATH_SEARCH_PATHS = (
					"$(inherited)",
					"@executable_path/Frameworks",
					"@loader_path/Frameworks",
				);
				PRODUCT_BUNDLE_IDENTIFIER = com.ssantoyo.YeetTests;
				PRODUCT_NAME = "$(TARGET_NAME)";
				TARGETED_DEVICE_FAMILY = "1,2";
				TEST_HOST = "$(BUILT_PRODUCTS_DIR)/Yeet.app/Yeet";
			};
			name = Debug;
		};
		8D20DCC424BE049E00B3977D /* Release */ = {
			isa = XCBuildConfiguration;
			baseConfigurationReference = 8E8E53B0CD0046202C5CC437 /* Pods-YeetTests.release.xcconfig */;
			buildSettings = {
				BUNDLE_LOADER = "$(TEST_HOST)";
				CODE_SIGN_STYLE = Automatic;
				DEVELOPMENT_TEAM = R462SWBSJD;
				INFOPLIST_FILE = YeetTests/Info.plist;
				IPHONEOS_DEPLOYMENT_TARGET = 13.5;
				LD_RUNPATH_SEARCH_PATHS = (
					"$(inherited)",
					"@executable_path/Frameworks",
					"@loader_path/Frameworks",
				);
				PRODUCT_BUNDLE_IDENTIFIER = com.ssantoyo.YeetTests;
				PRODUCT_NAME = "$(TARGET_NAME)";
				TARGETED_DEVICE_FAMILY = "1,2";
				TEST_HOST = "$(BUILT_PRODUCTS_DIR)/Yeet.app/Yeet";
			};
			name = Release;
		};
		8D20DCC624BE049E00B3977D /* Debug */ = {
			isa = XCBuildConfiguration;
			baseConfigurationReference = CA4B14A792DB111744CCD3B7 /* Pods-Yeet-YeetUITests.debug.xcconfig */;
			buildSettings = {
				CODE_SIGN_STYLE = Automatic;
				DEVELOPMENT_TEAM = R462SWBSJD;
				INFOPLIST_FILE = YeetUITests/Info.plist;
				LD_RUNPATH_SEARCH_PATHS = (
					"$(inherited)",
					"@executable_path/Frameworks",
					"@loader_path/Frameworks",
				);
				PRODUCT_BUNDLE_IDENTIFIER = com.ssantoyo.YeetUITests;
				PRODUCT_NAME = "$(TARGET_NAME)";
				TARGETED_DEVICE_FAMILY = "1,2";
				TEST_TARGET_NAME = Yeet;
			};
			name = Debug;
		};
		8D20DCC724BE049E00B3977D /* Release */ = {
			isa = XCBuildConfiguration;
			baseConfigurationReference = 70789B435B721AF9D2B9F5AD /* Pods-Yeet-YeetUITests.release.xcconfig */;
			buildSettings = {
				CODE_SIGN_STYLE = Automatic;
				DEVELOPMENT_TEAM = R462SWBSJD;
				INFOPLIST_FILE = YeetUITests/Info.plist;
				LD_RUNPATH_SEARCH_PATHS = (
					"$(inherited)",
					"@executable_path/Frameworks",
					"@loader_path/Frameworks",
				);
				PRODUCT_BUNDLE_IDENTIFIER = com.ssantoyo.YeetUITests;
				PRODUCT_NAME = "$(TARGET_NAME)";
				TARGETED_DEVICE_FAMILY = "1,2";
				TEST_TARGET_NAME = Yeet;
			};
			name = Release;
		};
/* End XCBuildConfiguration section */

/* Begin XCConfigurationList section */
		8D20DC8B24BE049E00B3977D /* Build configuration list for PBXProject "Yeet" */ = {
			isa = XCConfigurationList;
			buildConfigurations = (
				8D20DCBD24BE049E00B3977D /* Debug */,
				8D20DCBE24BE049E00B3977D /* Release */,
			);
			defaultConfigurationIsVisible = 0;
			defaultConfigurationName = Release;
		};
		8D20DCBF24BE049E00B3977D /* Build configuration list for PBXNativeTarget "Yeet" */ = {
			isa = XCConfigurationList;
			buildConfigurations = (
				8D20DCC024BE049E00B3977D /* Debug */,
				8D20DCC124BE049E00B3977D /* Release */,
			);
			defaultConfigurationIsVisible = 0;
			defaultConfigurationName = Release;
		};
		8D20DCC224BE049E00B3977D /* Build configuration list for PBXNativeTarget "YeetTests" */ = {
			isa = XCConfigurationList;
			buildConfigurations = (
				8D20DCC324BE049E00B3977D /* Debug */,
				8D20DCC424BE049E00B3977D /* Release */,
			);
			defaultConfigurationIsVisible = 0;
			defaultConfigurationName = Release;
		};
		8D20DCC524BE049E00B3977D /* Build configuration list for PBXNativeTarget "YeetUITests" */ = {
			isa = XCConfigurationList;
			buildConfigurations = (
				8D20DCC624BE049E00B3977D /* Debug */,
				8D20DCC724BE049E00B3977D /* Release */,
			);
			defaultConfigurationIsVisible = 0;
			defaultConfigurationName = Release;
		};
/* End XCConfigurationList section */
	};
	rootObject = 8D20DC8824BE049E00B3977D /* Project object */;
}
